
Microsoft Visual Studio Solution File, Format Version 12.00
# Visual Studio Version 16
VisualStudioVersion = 16.0.30717.126
MinimumVisualStudioVersion = 10.0.40219.1
Project("{FAE04EC0-301F-11D3-BF4B-00C04F79EFBC}") = "JIT Example", "JIT Example\JIT Example.csproj", "{6F3B66E1-4938-4B4F-BB96-CED631D2CEBE}"
EndProject
Global
	GlobalSection(SolutionConfigurationPlatforms) = preSolution
		Debug|Any CPU = Debug|Any CPU
		Release|Any CPU = Release|Any CPU
	EndGlobalSection
	GlobalSection(ProjectConfigurationPlatforms) = postSolution
		{6F3B66E1-4938-4B4F-BB96-CED631D2CEBE}.Debug|Any CPU.ActiveCfg = Debug|Any CPU
		{6F3B66E1-4938-4B4F-BB96-CED631D2CEBE}.Debug|Any CPU.Build.0 = Debug|Any CPU
		{6F3B66E1-4938-4B4F-BB96-CED631D2CEBE}.Release|Any CPU.ActiveCfg = Release|Any CPU
		{6F3B66E1-4938-4B4F-BB96-CED631D2CEBE}.Release|Any CPU.Build.0 = Release|Any CPU
	EndGlobalSection
	GlobalSection(SolutionProperties) = preSolution
		HideSolutionNode = FALSE
	EndGlobalSection
	GlobalSection(ExtensibilityGlobals) = postSolution
		SolutionGuid = {35968349-7AAC-4A82-815B-6CA241561AFC}
	EndGlobalSection
EndGlobal
